
Microsoft Visual Studio Solution File, Format Version 12.00
# Visual Studio Version 17
VisualStudioVersion = 17.0.31903.59
MinimumVisualStudioVersion = 10.0.40219.1
Project("{FAE04EC0-301F-11D3-BF4B-00C04F79EFBC}") = "LeaveManagement.API", "LeaveManagement.API\LeaveManagement.API.csproj", "{00A54CFC-0B57-4561-BD95-CC3AEFF55489}"
EndProject
Project("{FAE04EC0-301F-11D3-BF4B-00C04F79EFBC}") = "LeaveManagement.Application", "LeaveManagement.Application\LeaveManagement.Application.csproj", "{1C2293D2-52D4-4ACB-BD38-686779339844}"
EndProject
Project("{FAE04EC0-301F-11D3-BF4B-00C04F79EFBC}") = "LeaveManagement.Domain", "LeaveManagement.Domain\LeaveManagement.Domain.csproj", "{91669067-D34F-4E2E-B3A8-FD906E015926}"
EndProject
Project("{FAE04EC0-301F-11D3-BF4B-00C04F79EFBC}") = "LeaveManagement.Infrastructure", "LeaveManagement.Infrastructure\LeaveManagement.Infrastructure.csproj", "{F2036A42-AED4-40B6-8803-AFA8AB504456}"
EndProject
Project("{FAE04EC0-301F-11D3-BF4B-00C04F79EFBC}") = "LeaveManagement.Tests", "LeaveManagement.Tests\LeaveManagement.Tests.csproj", "{C3856139-8B1C-41FE-84DB-F018EC1898E7}"
EndProject
Global
	GlobalSection(SolutionConfigurationPlatforms) = preSolution
		Debug|Any CPU = Debug|Any CPU
		Debug|x64 = Debug|x64
		Debug|x86 = Debug|x86
		Release|Any CPU = Release|Any CPU
		Release|x64 = Release|x64
		Release|x86 = Release|x86
	EndGlobalSection
	GlobalSection(ProjectConfigurationPlatforms) = postSolution
		{00A54CFC-0B57-4561-BD95-CC3AEFF55489}.Debug|Any CPU.ActiveCfg = Debug|Any CPU
		{00A54CFC-0B57-4561-BD95-CC3AEFF55489}.Debug|Any CPU.Build.0 = Debug|Any CPU
		{00A54CFC-0B57-4561-BD95-CC3AEFF55489}.Debug|x64.ActiveCfg = Debug|Any CPU
		{00A54CFC-0B57-4561-BD95-CC3AEFF55489}.Debug|x64.Build.0 = Debug|Any CPU
		{00A54CFC-0B57-4561-BD95-CC3AEFF55489}.Debug|x86.ActiveCfg = Debug|Any CPU
		{00A54CFC-0B57-4561-BD95-CC3AEFF55489}.Debug|x86.Build.0 = Debug|Any CPU
		{00A54CFC-0B57-4561-BD95-CC3AEFF55489}.Release|Any CPU.ActiveCfg = Release|Any CPU
		{00A54CFC-0B57-4561-BD95-CC3AEFF55489}.Release|Any CPU.Build.0 = Release|Any CPU
		{00A54CFC-0B57-4561-BD95-CC3AEFF55489}.Release|x64.ActiveCfg = Release|Any CPU
		{00A54CFC-0B57-4561-BD95-CC3AEFF55489}.Release|x64.Build.0 = Release|Any CPU
		{00A54CFC-0B57-4561-BD95-CC3AEFF55489}.Release|x86.ActiveCfg = Release|Any CPU
		{00A54CFC-0B57-4561-BD95-CC3AEFF55489}.Release|x86.Build.0 = Release|Any CPU
		{1C2293D2-52D4-4ACB-BD38-686779339844}.Debug|Any CPU.ActiveCfg = Debug|Any CPU
		{1C2293D2-52D4-4ACB-BD38-686779339844}.Debug|Any CPU.Build.0 = Debug|Any CPU
		{1C2293D2-52D4-4ACB-BD38-686779339844}.Debug|x64.ActiveCfg = Debug|Any CPU
		{1C2293D2-52D4-4ACB-BD38-686779339844}.Debug|x64.Build.0 = Debug|Any CPU
		{1C2293D2-52D4-4ACB-BD38-686779339844}.Debug|x86.ActiveCfg = Debug|Any CPU
		{1C2293D2-52D4-4ACB-BD38-686779339844}.Debug|x86.Build.0 = Debug|Any CPU
		{1C2293D2-52D4-4ACB-BD38-686779339844}.Release|Any CPU.ActiveCfg = Release|Any CPU
		{1C2293D2-52D4-4ACB-BD38-686779339844}.Release|Any CPU.Build.0 = Release|Any CPU
		{1C2293D2-52D4-4ACB-BD38-686779339844}.Release|x64.ActiveCfg = Release|Any CPU
		{1C2293D2-52D4-4ACB-BD38-686779339844}.Release|x64.Build.0 = Release|Any CPU
		{1C2293D2-52D4-4ACB-BD38-686779339844}.Release|x86.ActiveCfg = Release|Any CPU
		{1C2293D2-52D4-4ACB-BD38-686779339844}.Release|x86.Build.0 = Release|Any CPU
		{91669067-D34F-4E2E-B3A8-FD906E015926}.Debug|Any CPU.ActiveCfg = Debug|Any CPU
		{91669067-D34F-4E2E-B3A8-FD906E015926}.Debug|Any CPU.Build.0 = Debug|Any CPU
		{91669067-D34F-4E2E-B3A8-FD906E015926}.Debug|x64.ActiveCfg = Debug|Any CPU
		{91669067-D34F-4E2E-B3A8-FD906E015926}.Debug|x64.Build.0 = Debug|Any CPU
		{91669067-D34F-4E2E-B3A8-FD906E015926}.Debug|x86.ActiveCfg = Debug|Any CPU
		{91669067-D34F-4E2E-B3A8-FD906E015926}.Debug|x86.Build.0 = Debug|Any CPU
		{91669067-D34F-4E2E-B3A8-FD906E015926}.Release|Any CPU.ActiveCfg = Release|Any CPU
		{91669067-D34F-4E2E-B3A8-FD906E015926}.Release|Any CPU.Build.0 = Release|Any CPU
		{91669067-D34F-4E2E-B3A8-FD906E015926}.Release|x64.ActiveCfg = Release|Any CPU
		{91669067-D34F-4E2E-B3A8-FD906E015926}.Release|x64.Build.0 = Release|Any CPU
		{91669067-D34F-4E2E-B3A8-FD906E015926}.Release|x86.ActiveCfg = Release|Any CPU
		{91669067-D34F-4E2E-B3A8-FD906E015926}.Release|x86.Build.0 = Release|Any CPU
		{F2036A42-AED4-40B6-8803-AFA8AB504456}.Debug|Any CPU.ActiveCfg = Debug|Any CPU
		{F2036A42-AED4-40B6-8803-AFA8AB504456}.Debug|Any CPU.Build.0 = Debug|Any CPU
		{F2036A42-AED4-40B6-8803-AFA8AB504456}.Debug|x64.ActiveCfg = Debug|Any CPU
		{F2036A42-AED4-40B6-8803-AFA8AB504456}.Debug|x64.Build.0 = Debug|Any CPU
		{F2036A42-AED4-40B6-8803-AFA8AB504456}.Debug|x86.ActiveCfg = Debug|Any CPU
		{F2036A42-AED4-40B6-8803-AFA8AB504456}.Debug|x86.Build.0 = Debug|Any CPU
		{F2036A42-AED4-40B6-8803-AFA8AB504456}.Release|Any CPU.ActiveCfg = Release|Any CPU
		{F2036A42-AED4-40B6-8803-AFA8AB504456}.Release|Any CPU.Build.0 = Release|Any CPU
		{F2036A42-AED4-40B6-8803-AFA8AB504456}.Release|x64.ActiveCfg = Release|Any CPU
		{F2036A42-AED4-40B6-8803-AFA8AB504456}.Release|x64.Build.0 = Release|Any CPU
		{F2036A42-AED4-40B6-8803-AFA8AB504456}.Release|x86.ActiveCfg = Release|Any CPU
		{F2036A42-AED4-40B6-8803-AFA8AB504456}.Release|x86.Build.0 = Release|Any CPU
		{C3856139-8B1C-41FE-84DB-F018EC1898E7}.Debug|Any CPU.ActiveCfg = Debug|Any CPU
		{C3856139-8B1C-41FE-84DB-F018EC1898E7}.Debug|Any CPU.Build.0 = Debug|Any CPU
		{C3856139-8B1C-41FE-84DB-F018EC1898E7}.Debug|x64.ActiveCfg = Debug|Any CPU
		{C3856139-8B1C-41FE-84DB-F018EC1898E7}.Debug|x64.Build.0 = Debug|Any CPU
		{C3856139-8B1C-41FE-84DB-F018EC1898E7}.Debug|x86.ActiveCfg = Debug|Any CPU
		{C3856139-8B1C-41FE-84DB-F018EC1898E7}.Debug|x86.Build.0 = Debug|Any CPU
		{C3856139-8B1C-41FE-84DB-F018EC1898E7}.Release|Any CPU.ActiveCfg = Release|Any CPU
		{C3856139-8B1C-41FE-84DB-F018EC1898E7}.Release|Any CPU.Build.0 = Release|Any CPU
		{C3856139-8B1C-41FE-84DB-F018EC1898E7}.Release|x64.ActiveCfg = Release|Any CPU
		{C3856139-8B1C-41FE-84DB-F018EC1898E7}.Release|x64.Build.0 = Release|Any CPU
		{C3856139-8B1C-41FE-84DB-F018EC1898E7}.Release|x86.ActiveCfg = Release|Any CPU
		{C3856139-8B1C-41FE-84DB-F018EC1898E7}.Release|x86.Build.0 = Release|Any CPU
	EndGlobalSection
	GlobalSection(SolutionProperties) = preSolution
		HideSolutionNode = FALSE
	EndGlobalSection
EndGlobal
